
Microsoft Visual Studio Solution File, Format Version 12.00
# Visual Studio 15
VisualStudioVersion = 15.0.28307.757
MinimumVisualStudioVersion = 10.0.40219.1
Project("{8BC9CEB8-8B4A-11D0-8D11-00A0C91BC942}") = "debugcode", "debugcode\debugcode.vcxproj", "{3B341586-04C9-4FAF-8D50-3789FB4541D4}"
EndProject
Global
	GlobalSection(SolutionConfigurationPlatforms) = preSolution
		Debug|x64 = Debug|x64
		Debug|x86 = Debug|x86
		Release|x64 = Release|x64
		Release|x86 = Release|x86
	EndGlobalSection
	GlobalSection(ProjectConfigurationPlatforms) = postSolution
		{3B341586-04C9-4FAF-8D50-3789FB4541D4}.Debug|x64.ActiveCfg = Debug|x64
		{3B341586-04C9-4FAF-8D50-3789FB4541D4}.Debug|x64.Build.0 = Debug|x64
		{3B341586-04C9-4FAF-8D50-3789FB4541D4}.Debug|x86.ActiveCfg = Debug|Win32
		{3B341586-04C9-4FAF-8D50-3789FB4541D4}.Debug|x86.Build.0 = Debug|Win32
		{3B341586-04C9-4FAF-8D50-3789FB4541D4}.Release|x64.ActiveCfg = Release|x64
		{3B341586-04C9-4FAF-8D50-3789FB4541D4}.Release|x64.Build.0 = Release|x64
		{3B341586-04C9-4FAF-8D50-3789FB4541D4}.Release|x86.ActiveCfg = Release|Win32
		{3B341586-04C9-4FAF-8D50-3789FB4541D4}.Release|x86.Build.0 = Release|Win32
	EndGlobalSection
	GlobalSection(SolutionProperties) = preSolution
		HideSolutionNode = FALSE
	EndGlobalSection
	GlobalSection(ExtensibilityGlobals) = postSolution
		SolutionGuid = {7C6F678B-8150-4AFA-A3CA-DB783ACE877B}
	EndGlobalSection
EndGlobal
