<?xml version="1.0" encoding="utf-8"?>
<Project ToolsVersion="4.0" xmlns="http://schemas.microsoft.com/developer/msbuild/2003">
  <ItemGroup>
    <Filter Include="源文件">
      <UniqueIdentifier>{4FC737F1-C7A5-4376-A066-2A32D752A2FF}</UniqueIdentifier>
      <Extensions>cpp;c;cc;cxx;def;odl;idl;hpj;bat;asm;asmx</Extensions>
    </Filter>
    <Filter Include="头文件">
      <UniqueIdentifier>{93995380-89BD-4b04-88EB-625FBE52EBFB}</UniqueIdentifier>
      <Extensions>h;hh;hpp;hxx;hm;inl;inc;ipp;xsd</Extensions>
    </Filter>
    <Filter Include="资源文件">
      <UniqueIdentifier>{67DA6AB6-F800-4c08-8B7A-83BB121AAD01}</UniqueIdentifier>
      <Extensions>rc;ico;cur;bmp;dlg;rc2;rct;bin;rgs;gif;jpg;jpeg;jpe;resx;tiff;tif;png;wav;mfcribbon-ms</Extensions>
    </Filter>
    <Filter Include="资源文件\weights">
      <UniqueIdentifier>{26569f7e-7680-4088-beaa-56bed2f88d8d}</UniqueIdentifier>
    </Filter>
    <Filter Include="头文件\model">
      <UniqueIdentifier>{2b2f4793-eecd-4b3b-b141-d06933aa8689}</UniqueIdentifier>
    </Filter>
    <Filter Include="源文件\model">
      <UniqueIdentifier>{d9350a76-0460-45ce-94ff-131393037838}</UniqueIdentifier>
    </Filter>
    <Filter Include="源文件\model\res">
      <UniqueIdentifier>{2cc099b1-05be-4f5f-bb81-5399f4160b0c}</UniqueIdentifier>
    </Filter>
    <Filter Include="头文件\model\res">
      <UniqueIdentifier>{1ef3a06a-551c-42ee-a472-168b4b8ce41d}</UniqueIdentifier>
    </Filter>
  </ItemGroup>
  <ItemGroup>
    <ClInclude Include="src\types.h">
      <Filter>头文件</Filter>
    </ClInclude>
    <ClInclude Include="src\fileOperator.h">
      <Filter>头文件</Filter>
    </ClInclude>
    <ClInclude Include="src\testData.h">
      <Filter>头文件</Filter>
    </ClInclude>
    <ClInclude Include="src\activations.h">
      <Filter>头文件\model</Filter>
    </ClInclude>
    <ClInclude Include="src\fc.h">
      <Filter>头文件\model</Filter>
    </ClInclude>
    <ClInclude Include="src\lstm.h">
      <Filter>头文件\model</Filter>
    </ClInclude>
    <ClInclude Include="src\top.h">
      <Filter>头文件\model</Filter>
    </ClInclude>
    <ClInclude Include="src\constants.h">
      <Filter>头文件\model\res</Filter>
    </ClInclude>
  </ItemGroup>
  <ItemGroup>
    <ClCompile Include="src\testmain.cpp">
      <Filter>源文件</Filter>
    </ClCompile>
    <ClCompile Include="src\fileOperator.cpp">
      <Filter>源文件</Filter>
    </ClCompile>
    <ClCompile Include="src\testData.cpp">
      <Filter>源文件</Filter>
    </ClCompile>
    <ClCompile Include="src\activations.cpp">
      <Filter>源文件\model</Filter>
    </ClCompile>
    <ClCompile Include="src\fc.cpp">
      <Filter>源文件\model</Filter>
    </ClCompile>
    <ClCompile Include="src\lstm.cpp">
      <Filter>源文件\model</Filter>
    </ClCompile>
    <ClCompile Include="src\top.cpp">
      <Filter>源文件\model</Filter>
    </ClCompile>
    <ClCompile Include="src\constants.cpp">
      <Filter>源文件\model\res</Filter>
    </ClCompile>
  </ItemGroup>
  <ItemGroup>
    <None Include="res\input">
      <Filter>资源文件</Filter>
    </None>
    <None Include="res\output">
      <Filter>资源文件</Filter>
    </None>
  </ItemGroup>
</Project>