<?xml version="1.0" encoding="utf-8"?>
<Project ToolsVersion="4.0" xmlns="http://schemas.microsoft.com/developer/msbuild/2003">
  <ItemGroup>
    <Filter Include="源文件">
      <UniqueIdentifier>{4FC737F1-C7A5-4376-A066-2A32D752A2FF}</UniqueIdentifier>
      <Extensions>cpp;c;cc;cxx;def;odl;idl;hpj;bat;asm;asmx</Extensions>
    </Filter>
    <Filter Include="头文件">
      <UniqueIdentifier>{93995380-89BD-4b04-88EB-625FBE52EBFB}</UniqueIdentifier>
      <Extensions>h;hh;hpp;hxx;hm;inl;inc;ipp;xsd</Extensions>
    </Filter>
    <Filter Include="资源文件">
      <UniqueIdentifier>{67DA6AB6-F800-4c08-8B7A-83BB121AAD01}</UniqueIdentifier>
      <Extensions>rc;ico;cur;bmp;dlg;rc2;rct;bin;rgs;gif;jpg;jpeg;jpe;resx;tiff;tif;png;wav;mfcribbon-ms</Extensions>
    </Filter>
    <Filter Include="资源文件\weights">
      <UniqueIdentifier>{26569f7e-7680-4088-beaa-56bed2f88d8d}</UniqueIdentifier>
    </Filter>
  </ItemGroup>
  <ItemGroup>
    <ClInclude Include="src\activations.h">
      <Filter>头文件</Filter>
    </ClInclude>
    <ClInclude Include="src\configs.h">
      <Filter>头文件</Filter>
    </ClInclude>
    <ClInclude Include="src\constants.h">
      <Filter>头文件</Filter>
    </ClInclude>
    <ClInclude Include="src\fc.h">
      <Filter>头文件</Filter>
    </ClInclude>
    <ClInclude Include="src\lstm.h">
      <Filter>头文件</Filter>
    </ClInclude>
    <ClInclude Include="src\top.h">
      <Filter>头文件</Filter>
    </ClInclude>
    <ClInclude Include="src\types.h">
      <Filter>头文件</Filter>
    </ClInclude>
    <ClInclude Include="src\fileOperator.h">
      <Filter>头文件</Filter>
    </ClInclude>
    <ClInclude Include="src\test_data.h">
      <Filter>头文件</Filter>
    </ClInclude>
  </ItemGroup>
  <ItemGroup>
    <ClCompile Include="src\activations.cpp">
      <Filter>源文件</Filter>
    </ClCompile>
    <ClCompile Include="src\constants.cpp">
      <Filter>源文件</Filter>
    </ClCompile>
    <ClCompile Include="src\fc.cpp">
      <Filter>源文件</Filter>
    </ClCompile>
    <ClCompile Include="src\lstm.cpp">
      <Filter>源文件</Filter>
    </ClCompile>
    <ClCompile Include="src\testmain.cpp">
      <Filter>源文件</Filter>
    </ClCompile>
    <ClCompile Include="src\top.cpp">
      <Filter>源文件</Filter>
    </ClCompile>
    <ClCompile Include="src\fileOperator.cpp">
      <Filter>源文件</Filter>
    </ClCompile>
    <ClCompile Include="src\test_data.cpp">
      <Filter>源文件</Filter>
    </ClCompile>
  </ItemGroup>
  <ItemGroup>
    <None Include="res\dense1_bias">
      <Filter>资源文件\weights</Filter>
    </None>
    <None Include="res\dense1_kernel">
      <Filter>资源文件\weights</Filter>
    </None>
    <None Include="res\dense2_bias">
      <Filter>资源文件\weights</Filter>
    </None>
    <None Include="res\dense2_kernel">
      <Filter>资源文件\weights</Filter>
    </None>
    <None Include="res\lstm1_bias_c">
      <Filter>资源文件\weights</Filter>
    </None>
    <None Include="res\lstm1_bias_f">
      <Filter>资源文件\weights</Filter>
    </None>
    <None Include="res\lstm1_bias_i">
      <Filter>资源文件\weights</Filter>
    </None>
    <None Include="res\lstm1_bias_o">
      <Filter>资源文件\weights</Filter>
    </None>
    <None Include="res\lstm1_kernel_c">
      <Filter>资源文件\weights</Filter>
    </None>
    <None Include="res\lstm1_kernel_f">
      <Filter>资源文件\weights</Filter>
    </None>
    <None Include="res\lstm1_kernel_i">
      <Filter>资源文件\weights</Filter>
    </None>
    <None Include="res\lstm1_kernel_o">
      <Filter>资源文件\weights</Filter>
    </None>
    <None Include="res\lstm2_bias_c">
      <Filter>资源文件\weights</Filter>
    </None>
    <None Include="res\lstm2_bias_f">
      <Filter>资源文件\weights</Filter>
    </None>
    <None Include="res\lstm2_bias_i">
      <Filter>资源文件\weights</Filter>
    </None>
    <None Include="res\lstm2_bias_o">
      <Filter>资源文件\weights</Filter>
    </None>
    <None Include="res\lstm2_kernel_c">
      <Filter>资源文件\weights</Filter>
    </None>
    <None Include="res\lstm2_kernel_f">
      <Filter>资源文件\weights</Filter>
    </None>
    <None Include="res\lstm2_kernel_i">
      <Filter>资源文件\weights</Filter>
    </None>
    <None Include="res\lstm2_kernel_o">
      <Filter>资源文件\weights</Filter>
    </None>
    <None Include="res\input">
      <Filter>资源文件</Filter>
    </None>
    <None Include="res\output">
      <Filter>资源文件</Filter>
    </None>
  </ItemGroup>
</Project>